// !$*UTF8*$!
{
	archiveVersion = 1;
	classes = {
	};
	objectVersion = 46;
	objects = {

/* Begin PBXBuildFile section */
		170B90091C0EC76F0063E9DE /* main.m in Sources */ = {isa = PBXBuildFile; fileRef = 170B90081C0EC76F0063E9DE /* main.m */; };
		170B900C1C0EC76F0063E9DE /* AppDelegate.m in Sources */ = {isa = PBXBuildFile; fileRef = 170B900B1C0EC76F0063E9DE /* AppDelegate.m */; };
		170B900F1C0EC76F0063E9DE /* ViewController.m in Sources */ = {isa = PBXBuildFile; fileRef = 170B900E1C0EC76F0063E9DE /* ViewController.m */; };
		170B90121C0EC76F0063E9DE /* Main.storyboard in Resources */ = {isa = PBXBuildFile; fileRef = 170B90101C0EC76F0063E9DE /* Main.storyboard */; };
		170B90151C0EC76F0063E9DE /* NoaMainboard.xcdatamodeld in Sources */ = {isa = PBXBuildFile; fileRef = 170B90131C0EC76F0063E9DE /* NoaMainboard.xcdatamodeld */; };
		170B90171C0EC76F0063E9DE /* Assets.xcassets in Resources */ = {isa = PBXBuildFile; fileRef = 170B90161C0EC76F0063E9DE /* Assets.xcassets */; };
		170B901A1C0EC76F0063E9DE /* LaunchScreen.storyboard in Resources */ = {isa = PBXBuildFile; fileRef = 170B90181C0EC76F0063E9DE /* LaunchScreen.storyboard */; };
		170B90251C0EC76F0063E9DE /* NoaMainboardTests.m in Sources */ = {isa = PBXBuildFile; fileRef = 170B90241C0EC76F0063E9DE /* NoaMainboardTests.m */; };
/* End PBXBuildFile section */

/* Begin PBXContainerItemProxy section */
		170B90211C0EC76F0063E9DE /* PBXContainerItemProxy */ = {
			isa = PBXContainerItemProxy;
			containerPortal = 170B8FFC1C0EC76F0063E9DE /* Project object */;
			proxyType = 1;
			remoteGlobalIDString = 170B90031C0EC76F0063E9DE;
			remoteInfo = NoaMainboard;
		};
/* End PBXContainerItemProxy section */

/* Begin PBXFileReference section */
		170B90041C0EC76F0063E9DE /* NoaMainboard.app */ = {isa = PBXFileReference; explicitFileType = wrapper.application; includeInIndex = 0; path = NoaMainboard.app; sourceTree = BUILT_PRODUCTS_DIR; };
		170B90081C0EC76F0063E9DE /* main.m */ = {isa = PBXFileReference; lastKnownFileType = sourcecode.c.objc; path = main.m; sourceTree = "<group>"; };
		170B900A1C0EC76F0063E9DE /* AppDelegate.h */ = {isa = PBXFileReference; lastKnownFileType = sourcecode.c.h; path = AppDelegate.h; sourceTree = "<group>"; };
		170B900B1C0EC76F0063E9DE /* AppDelegate.m */ = {isa = PBXFileReference; lastKnownFileType = sourcecode.c.objc; path = AppDelegate.m; sourceTree = "<group>"; };
		170B900D1C0EC76F0063E9DE /* ViewController.h */ = {isa = PBXFileReference; lastKnownFileType = sourcecode.c.h; path = ViewController.h; sourceTree = "<group>"; };
		170B900E1C0EC76F0063E9DE /* ViewController.m */ = {isa = PBXFileReference; lastKnownFileType = sourcecode.c.objc; path = ViewController.m; sourceTree = "<group>"; };
		170B90111C0EC76F0063E9DE /* Base */ = {isa = PBXFileReference; lastKnownFileType = file.storyboard; name = Base; path = Base.lproj/Main.storyboard; sourceTree = "<group>"; };
		170B90141C0EC76F0063E9DE /* NoaMainboard.xcdatamodel */ = {isa = PBXFileReference; lastKnownFileType = wrapper.xcdatamodel; path = NoaMainboard.xcdatamodel; sourceTree = "<group>"; };
		170B90161C0EC76F0063E9DE /* Assets.xcassets */ = {isa = PBXFileReference; lastKnownFileType = folder.assetcatalog; path = Assets.xcassets; sourceTree = "<group>"; };
		170B90191C0EC76F0063E9DE /* Base */ = {isa = PBXFileReference; lastKnownFileType = file.storyboard; name = Base; path = Base.lproj/LaunchScreen.storyboard; sourceTree = "<group>"; };
		170B901B1C0EC76F0063E9DE /* Info.plist */ = {isa = PBXFileReference; lastKnownFileType = text.plist.xml; path = Info.plist; sourceTree = "<group>"; };
		170B90201C0EC76F0063E9DE /* NoaMainboardTests.xctest */ = {isa = PBXFileReference; explicitFileType = wrapper.cfbundle; includeInIndex = 0; path = NoaMainboardTests.xctest; sourceTree = BUILT_PRODUCTS_DIR; };
		170B90241C0EC76F0063E9DE /* NoaMainboardTests.m */ = {isa = PBXFileReference; lastKnownFileType = sourcecode.c.objc; path = NoaMainboardTests.m; sourceTree = "<group>"; };
		170B90261C0EC76F0063E9DE /* Info.plist */ = {isa = PBXFileReference; lastKnownFileType = text.plist.xml; path = Info.plist; sourceTree = "<group>"; };
/* End PBXFileReference section */

/* Begin PBXFrameworksBuildPhase section */
		170B90011C0EC76F0063E9DE /* Frameworks */ = {
			isa = PBXFrameworksBuildPhase;
			buildActionMask = 2147483647;
			files = (
			);
			runOnlyForDeploymentPostprocessing = 0;
		};
		170B901D1C0EC76F0063E9DE /* Frameworks */ = {
			isa = PBXFrameworksBuildPhase;
			buildActionMask = 2147483647;
			files = (
			);
			runOnlyForDeploymentPostprocessing = 0;
		};
/* End PBXFrameworksBuildPhase section */

/* Begin PBXGroup section */
		170B8FFB1C0EC76F0063E9DE = {
			isa = PBXGroup;
			children = (
				170B90061C0EC76F0063E9DE /* NoaMainboard */,
				170B90231C0EC76F0063E9DE /* NoaMainboardTests */,
				170B90051C0EC76F0063E9DE /* Products */,
			);
			sourceTree = "<group>";
		};
		170B90051C0EC76F0063E9DE /* Products */ = {
			isa = PBXGroup;
			children = (
				170B90041C0EC76F0063E9DE /* NoaMainboard.app */,
				170B90201C0EC76F0063E9DE /* NoaMainboardTests.xctest */,
			);
			name = Products;
			sourceTree = "<group>";
		};
		170B90061C0EC76F0063E9DE /* NoaMainboard */ = {
			isa = PBXGroup;
			children = (
				170B900A1C0EC76F0063E9DE /* AppDelegate.h */,
				170B900B1C0EC76F0063E9DE /* AppDelegate.m */,
				170B900D1C0EC76F0063E9DE /* ViewController.h */,
				170B900E1C0EC76F0063E9DE /* ViewController.m */,
				170B90101C0EC76F0063E9DE /* Main.storyboard */,
				170B90161C0EC76F0063E9DE /* Assets.xcassets */,
				170B90181C0EC76F0063E9DE /* LaunchScreen.storyboard */,
				170B901B1C0EC76F0063E9DE /* Info.plist */,
				170B90131C0EC76F0063E9DE /* NoaMainboard.xcdatamodeld */,
				170B90071C0EC76F0063E9DE /* Supporting Files */,
			);
			path = NoaMainboard;
			sourceTree = "<group>";
		};
		170B90071C0EC76F0063E9DE /* Supporting Files */ = {
			isa = PBXGroup;
			children = (
				170B90081C0EC76F0063E9DE /* main.m */,
			);
			name = "Supporting Files";
			sourceTree = "<group>";
		};
		170B90231C0EC76F0063E9DE /* NoaMainboardTests */ = {
			isa = PBXGroup;
			children = (
				170B90241C0EC76F0063E9DE /* NoaMainboardTests.m */,
				170B90261C0EC76F0063E9DE /* Info.plist */,
			);
			path = NoaMainboardTests;
			sourceTree = "<group>";
		};
/* End PBXGroup section */

/* Begin PBXNativeTarget section */
		170B90031C0EC76F0063E9DE /* NoaMainboard */ = {
			isa = PBXNativeTarget;
			buildConfigurationList = 170B90291C0EC76F0063E9DE /* Build configuration list for PBXNativeTarget "NoaMainboard" */;
			buildPhases = (
				170B90001C0EC76F0063E9DE /* Sources */,
				170B90011C0EC76F0063E9DE /* Frameworks */,
				170B90021C0EC76F0063E9DE /* Resources */,
			);
			buildRules = (
			);
			dependencies = (
			);
			name = NoaMainboard;
			productName = NoaMainboard;
			productReference = 170B90041C0EC76F0063E9DE /* NoaMainboard.app */;
			productType = "com.apple.product-type.application";
		};
		170B901F1C0EC76F0063E9DE /* NoaMainboardTests */ = {
			isa = PBXNativeTarget;
			buildConfigurationList = 170B902C1C0EC76F0063E9DE /* Build configuration list for PBXNativeTarget "NoaMainboardTests" */;
			buildPhases = (
				170B901C1C0EC76F0063E9DE /* Sources */,
				170B901D1C0EC76F0063E9DE /* Frameworks */,
				170B901E1C0EC76F0063E9DE /* Resources */,
			);
			buildRules = (
			);
			dependencies = (
				170B90221C0EC76F0063E9DE /* PBXTargetDependency */,
			);
			name = NoaMainboardTests;
			productName = NoaMainboardTests;
			productReference = 170B90201C0EC76F0063E9DE /* NoaMainboardTests.xctest */;
			productType = "com.apple.product-type.bundle.unit-test";
		};
/* End PBXNativeTarget section */

/* Begin PBXProject section */
		170B8FFC1C0EC76F0063E9DE /* Project object */ = {
			isa = PBXProject;
			attributes = {
				LastUpgradeCheck = 0710;
				ORGANIZATIONNAME = "Jordan Zhou";
				TargetAttributes = {
					170B90031C0EC76F0063E9DE = {
						CreatedOnToolsVersion = 7.1.1;
					};
					170B901F1C0EC76F0063E9DE = {
						CreatedOnToolsVersion = 7.1.1;
						TestTargetID = 170B90031C0EC76F0063E9DE;
					};
				};
			};
			buildConfigurationList = 170B8FFF1C0EC76F0063E9DE /* Build configuration list for PBXProject "NoaMainboard" */;
			compatibilityVersion = "Xcode 3.2";
			developmentRegion = English;
			hasScannedForEncodings = 0;
			knownRegions = (
				en,
				Base,
			);
			mainGroup = 170B8FFB1C0EC76F0063E9DE;
			productRefGroup = 170B90051C0EC76F0063E9DE /* Products */;
			projectDirPath = "";
			projectRoot = "";
			targets = (
				170B90031C0EC76F0063E9DE /* NoaMainboard */,
				170B901F1C0EC76F0063E9DE /* NoaMainboardTests */,
			);
		};
/* End PBXProject section */

/* Begin PBXResourcesBuildPhase section */
		170B90021C0EC76F0063E9DE /* Resources */ = {
			isa = PBXResourcesBuildPhase;
			buildActionMask = 2147483647;
			files = (
				170B901A1C0EC76F0063E9DE /* LaunchScreen.storyboard in Resources */,
				170B90171C0EC76F0063E9DE /* Assets.xcassets in Resources */,
				170B90121C0EC76F0063E9DE /* Main.storyboard in Resources */,
			);
			runOnlyForDeploymentPostprocessing = 0;
		};
		170B901E1C0EC76F0063E9DE /* Resources */ = {
			isa = PBXResourcesBuildPhase;
			buildActionMask = 2147483647;
			files = (
			);
			runOnlyForDeploymentPostprocessing = 0;
		};
/* End PBXResourcesBuildPhase section */

/* Begin PBXSourcesBuildPhase section */
		170B90001C0EC76F0063E9DE /* Sources */ = {
			isa = PBXSourcesBuildPhase;
			buildActionMask = 2147483647;
			files = (
				170B90151C0EC76F0063E9DE /* NoaMainboard.xcdatamodeld in Sources */,
				170B900F1C0EC76F0063E9DE /* ViewController.m in Sources */,
				170B900C1C0EC76F0063E9DE /* AppDelegate.m in Sources */,
				170B90091C0EC76F0063E9DE /* main.m in Sources */,
			);
			runOnlyForDeploymentPostprocessing = 0;
		};
		170B901C1C0EC76F0063E9DE /* Sources */ = {
			isa = PBXSourcesBuildPhase;
			buildActionMask = 2147483647;
			files = (
				170B90251C0EC76F0063E9DE /* NoaMainboardTests.m in Sources */,
			);
			runOnlyForDeploymentPostprocessing = 0;
		};
/* End PBXSourcesBuildPhase section */

/* Begin PBXTargetDependency section */
		170B90221C0EC76F0063E9DE /* PBXTargetDependency */ = {
			isa = PBXTargetDependency;
			target = 170B90031C0EC76F0063E9DE /* NoaMainboard */;
			targetProxy = 170B90211C0EC76F0063E9DE /* PBXContainerItemProxy */;
		};
/* End PBXTargetDependency section */

/* Begin PBXVariantGroup section */
		170B90101C0EC76F0063E9DE /* Main.storyboard */ = {
			isa = PBXVariantGroup;
			children = (
				170B90111C0EC76F0063E9DE /* Base */,
			);
			name = Main.storyboard;
			sourceTree = "<group>";
		};
		170B90181C0EC76F0063E9DE /* LaunchScreen.storyboard */ = {
			isa = PBXVariantGroup;
			children = (
				170B90191C0EC76F0063E9DE /* Base */,
			);
			name = LaunchScreen.storyboard;
			sourceTree = "<group>";
		};
/* End PBXVariantGroup section */

/* Begin XCBuildConfiguration section */
		170B90271C0EC76F0063E9DE /* Debug */ = {
			isa = XCBuildConfiguration;
			buildSettings = {
				ALWAYS_SEARCH_USER_PATHS = NO;
				CLANG_CXX_LANGUAGE_STANDARD = "gnu++0x";
				CLANG_CXX_LIBRARY = "libc++";
				CLANG_ENABLE_MODULES = YES;
				CLANG_ENABLE_OBJC_ARC = YES;
				CLANG_WARN_BOOL_CONVERSION = YES;
				CLANG_WARN_CONSTANT_CONVERSION = YES;
				CLANG_WARN_DIRECT_OBJC_ISA_USAGE = YES_ERROR;
				CLANG_WARN_EMPTY_BODY = YES;
				CLANG_WARN_ENUM_CONVERSION = YES;
				CLANG_WARN_INT_CONVERSION = YES;
				CLANG_WARN_OBJC_ROOT_CLASS = YES_ERROR;
				CLANG_WARN_UNREACHABLE_CODE = YES;
				CLANG_WARN__DUPLICATE_METHOD_MATCH = YES;
				"CODE_SIGN_IDENTITY[sdk=iphoneos*]" = "iPhone Developer";
				COPY_PHASE_STRIP = NO;
				DEBUG_INFORMATION_FORMAT = dwarf;
				ENABLE_STRICT_OBJC_MSGSEND = YES;
				ENABLE_TESTABILITY = YES;
				GCC_C_LANGUAGE_STANDARD = gnu99;
				GCC_DYNAMIC_NO_PIC = NO;
				GCC_NO_COMMON_BLOCKS = YES;
				GCC_OPTIMIZATION_LEVEL = 0;
				GCC_PREPROCESSOR_DEFINITIONS = (
					"DEBUG=1",
					"$(inherited)",
				);
				GCC_WARN_64_TO_32_BIT_CONVERSION = YES;
				GCC_WARN_ABOUT_RETURN_TYPE = YES_ERROR;
				GCC_WARN_UNDECLARED_SELECTOR = YES;
				GCC_WARN_UNINITIALIZED_AUTOS = YES_AGGRESSIVE;
				GCC_WARN_UNUSED_FUNCTION = YES;
				GCC_WARN_UNUSED_VARIABLE = YES;
				IPHONEOS_DEPLOYMENT_TARGET = 9.1;
				MTL_ENABLE_DEBUG_INFO = YES;
				ONLY_ACTIVE_ARCH = YES;
				SDKROOT = iphoneos;
			};
			name = Debug;
		};
		170B90281C0EC76F0063E9DE /* Release */ = {
			isa = XCBuildConfiguration;
			buildSettings = {
				ALWAYS_SEARCH_USER_PATHS = NO;
				CLANG_CXX_LANGUAGE_STANDARD = "gnu++0x";
				CLANG_CXX_LIBRARY = "libc++";
				CLANG_ENABLE_MODULES = YES;
				CLANG_ENABLE_OBJC_ARC = YES;
				CLANG_WARN_BOOL_CONVERSION = YES;
				CLANG_WARN_CONSTANT_CONVERSION = YES;
				CLANG_WARN_DIRECT_OBJC_ISA_USAGE = YES_ERROR;
				CLANG_WARN_EMPTY_BODY = YES;
				CLANG_WARN_ENUM_CONVERSION = YES;
				CLANG_WARN_INT_CONVERSION = YES;
				CLANG_WARN_OBJC_ROOT_CLASS = YES_ERROR;
				CLANG_WARN_UNREACHABLE_CODE = YES;
				CLANG_WARN__DUPLICATE_METHOD_MATCH = YES;
				"CODE_SIGN_IDENTITY[sdk=iphoneos*]" = "iPhone Developer";
				COPY_PHASE_STRIP = NO;
				DEBUG_INFORMATION_FORMAT = "dwarf-with-dsym";
				ENABLE_NS_ASSERTIONS = NO;
				ENABLE_STRICT_OBJC_MSGSEND = YES;
				GCC_C_LANGUAGE_STANDARD = gnu99;
				GCC_NO_COMMON_BLOCKS = YES;
				GCC_WARN_64_TO_32_BIT_CONVERSION = YES;
				GCC_WARN_ABOUT_RETURN_TYPE = YES_ERROR;
				GCC_WARN_UNDECLARED_SELECTOR = YES;
				GCC_WARN_UNINITIALIZED_AUTOS = YES_AGGRESSIVE;
				GCC_WARN_UNUSED_FUNCTION = YES;
				GCC_WARN_UNUSED_VARIABLE = YES;
				IPHONEOS_DEPLOYMENT_TARGET = 9.1;
				MTL_ENABLE_DEBUG_INFO = NO;
				SDKROOT = iphoneos;
				VALIDATE_PRODUCT = YES;
			};
			name = Release;
		};
		170B902A1C0EC76F0063E9DE /* Debug */ = {
			isa = XCBuildConfiguration;
			buildSettings = {
				ASSETCATALOG_COMPILER_APPICON_NAME = AppIcon;
				INFOPLIST_FILE = NoaMainboard/Info.plist;
				LD_RUNPATH_SEARCH_PATHS = "$(inherited) @executable_path/Frameworks";
				PRODUCT_BUNDLE_IDENTIFIER = NOA.com.NoaMainboard;
				PRODUCT_NAME = "$(TARGET_NAME)";
			};
			name = Debug;
		};
		170B902B1C0EC76F0063E9DE /* Release */ = {
			isa = XCBuildConfiguration;
			buildSettings = {
				ASSETCATALOG_COMPILER_APPICON_NAME = AppIcon;
				INFOPLIST_FILE = NoaMainboard/Info.plist;
				LD_RUNPATH_SEARCH_PATHS = "$(inherited) @executable_path/Frameworks";
				PRODUCT_BUNDLE_IDENTIFIER = NOA.com.NoaMainboard;
				PRODUCT_NAME = "$(TARGET_NAME)";
			};
			name = Release;
		};
		170B902D1C0EC76F0063E9DE /* Debug */ = {
			isa = XCBuildConfiguration;
			buildSettings = {
				BUNDLE_LOADER = "$(TEST_HOST)";
				INFOPLIST_FILE = NoaMainboardTests/Info.plist;
				LD_RUNPATH_SEARCH_PATHS = "$(inherited) @executable_path/Frameworks @loader_path/Frameworks";
				PRODUCT_BUNDLE_IDENTIFIER = NOA.com.NoaMainboardTests;
				PRODUCT_NAME = "$(TARGET_NAME)";
				TEST_HOST = "$(BUILT_PRODUCTS_DIR)/NoaMainboard.app/NoaMainboard";
			};
			name = Debug;
		};
		170B902E1C0EC76F0063E9DE /* Release */ = {
			isa = XCBuildConfiguration;
			buildSettings = {
				BUNDLE_LOADER = "$(TEST_HOST)";
				INFOPLIST_FILE = NoaMainboardTests/Info.plist;
				LD_RUNPATH_SEARCH_PATHS = "$(inherited) @executable_path/Frameworks @loader_path/Frameworks";
				PRODUCT_BUNDLE_IDENTIFIER = NOA.com.NoaMainboardTests;
				PRODUCT_NAME = "$(TARGET_NAME)";
				TEST_HOST = "$(BUILT_PRODUCTS_DIR)/NoaMainboard.app/NoaMainboard";
			};
			name = Release;
		};
/* End XCBuildConfiguration section */

/* Begin XCConfigurationList section */
		170B8FFF1C0EC76F0063E9DE /* Build configuration list for PBXProject "NoaMainboard" */ = {
			isa = XCConfigurationList;
			buildConfigurations = (
				170B90271C0EC76F0063E9DE /* Debug */,
				170B90281C0EC76F0063E9DE /* Release */,
			);
			defaultConfigurationIsVisible = 0;
			defaultConfigurationName = Release;
		};
		170B90291C0EC76F0063E9DE /* Build configuration list for PBXNativeTarget "NoaMainboard" */ = {
			isa = XCConfigurationList;
			buildConfigurations = (
				170B902A1C0EC76F0063E9DE /* Debug */,
				170B902B1C0EC76F0063E9DE /* Release */,
			);
			defaultConfigurationIsVisible = 0;
		};
		170B902C1C0EC76F0063E9DE /* Build configuration list for PBXNativeTarget "NoaMainboardTests" */ = {
			isa = XCConfigurationList;
			buildConfigurations = (
				170B902D1C0EC76F0063E9DE /* Debug */,
				170B902E1C0EC76F0063E9DE /* Release */,
			);
			defaultConfigurationIsVisible = 0;
		};
/* End XCConfigurationList section */

/* Begin XCVersionGroup section */
		170B90131C0EC76F0063E9DE /* NoaMainboard.xcdatamodeld */ = {
			isa = XCVersionGroup;
			children = (
				170B90141C0EC76F0063E9DE /* NoaMainboard.xcdatamodel */,
			);
			currentVersion = 170B90141C0EC76F0063E9DE /* NoaMainboard.xcdatamodel */;
			path = NoaMainboard.xcdatamodeld;
			sourceTree = "<group>";
			versionGroupType = wrapper.xcdatamodel;
		};
/* End XCVersionGroup section */
	};
	rootObject = 170B8FFC1C0EC76F0063E9DE /* Project object */;
}
